
Microsoft Visual Studio Solution File, Format Version 12.00
# Visual Studio 14
VisualStudioVersion = 14.0.23107.0
MinimumVisualStudioVersion = 10.0.40219.1
Project("{FAE04EC0-301F-11D3-BF4B-00C04F79EFBC}") = "MudServer.Windows", "MudServer.Windows\MudServer.Windows.csproj", "{0D304816-7F30-460A-AFA9-D4F4146A50D3}"
EndProject
Project("{FAE04EC0-301F-11D3-BF4B-00C04F79EFBC}") = "Adapter.MudServer", "Adapter.MudServer\Adapter.MudServer.csproj", "{6E4C306E-9004-4AF8-A490-86BF56F4DC18}"
EndProject
Project("{FAE04EC0-301F-11D3-BF4B-00C04F79EFBC}") = "MudServer.Bootstrap", "MudServer.Bootstrap\MudServer.Bootstrap.csproj", "{750393D3-3867-4C68-9584-7280FA0E3C72}"
EndProject
Global
	GlobalSection(SolutionConfigurationPlatforms) = preSolution
		Debug|Any CPU = Debug|Any CPU
		Release|Any CPU = Release|Any CPU
	EndGlobalSection
	GlobalSection(ProjectConfigurationPlatforms) = postSolution
		{0D304816-7F30-460A-AFA9-D4F4146A50D3}.Debug|Any CPU.ActiveCfg = Debug|Any CPU
		{0D304816-7F30-460A-AFA9-D4F4146A50D3}.Debug|Any CPU.Build.0 = Debug|Any CPU
		{0D304816-7F30-460A-AFA9-D4F4146A50D3}.Release|Any CPU.ActiveCfg = Release|Any CPU
		{0D304816-7F30-460A-AFA9-D4F4146A50D3}.Release|Any CPU.Build.0 = Release|Any CPU
		{6E4C306E-9004-4AF8-A490-86BF56F4DC18}.Debug|Any CPU.ActiveCfg = Debug|Any CPU
		{6E4C306E-9004-4AF8-A490-86BF56F4DC18}.Debug|Any CPU.Build.0 = Debug|Any CPU
		{6E4C306E-9004-4AF8-A490-86BF56F4DC18}.Release|Any CPU.ActiveCfg = Release|Any CPU
		{6E4C306E-9004-4AF8-A490-86BF56F4DC18}.Release|Any CPU.Build.0 = Release|Any CPU
		{750393D3-3867-4C68-9584-7280FA0E3C72}.Debug|Any CPU.ActiveCfg = Debug|Any CPU
		{750393D3-3867-4C68-9584-7280FA0E3C72}.Debug|Any CPU.Build.0 = Debug|Any CPU
		{750393D3-3867-4C68-9584-7280FA0E3C72}.Release|Any CPU.ActiveCfg = Release|Any CPU
		{750393D3-3867-4C68-9584-7280FA0E3C72}.Release|Any CPU.Build.0 = Release|Any CPU
	EndGlobalSection
	GlobalSection(SolutionProperties) = preSolution
		HideSolutionNode = FALSE
	EndGlobalSection
EndGlobal
